{
  "name": "argo-skin-gen",
  "lockfileVersion": 3,
  "requires": true,
  "packages": {
    "": {
      "name": "argo-skin-gen",
      "dependencies": {
        "@nadicodeai/design-system": "github:nadicodeai/nadicodeai-design-system"
      }
    },
    "node_modules/@nadicodeai/design-system": {
      "version": "0.1.0",
      "resolved": "git+ssh://git@github.com/nadicodeai/nadicodeai-design-system.git#2dcbc1a7d75d3f6e288be91ea514690d6bf00714"
    }
  }
}
